
Microsoft Visual Studio Solution File, Format Version 12.00
# Visual Studio Version 17
VisualStudioVersion = 17.9.34701.34
MinimumVisualStudioVersion = 10.0.40219.1
Project("{FAE04EC0-301F-11D3-BF4B-00C04F79EFBC}") = "Cipher", "Cipher\Cipher.csproj", "{0C24DE20-E405-4A1F-9FCE-4145B8FC619A}"
EndProject
Global
	GlobalSection(SolutionConfigurationPlatforms) = preSolution
		Debug|Any CPU = Debug|Any CPU
		Release|Any CPU = Release|Any CPU
	EndGlobalSection
	GlobalSection(ProjectConfigurationPlatforms) = postSolution
		{0C24DE20-E405-4A1F-9FCE-4145B8FC619A}.Debug|Any CPU.ActiveCfg = Debug|Any CPU
		{0C24DE20-E405-4A1F-9FCE-4145B8FC619A}.Debug|Any CPU.Build.0 = Debug|Any CPU
		{0C24DE20-E405-4A1F-9FCE-4145B8FC619A}.Release|Any CPU.ActiveCfg = Release|Any CPU
		{0C24DE20-E405-4A1F-9FCE-4145B8FC619A}.Release|Any CPU.Build.0 = Release|Any CPU
	EndGlobalSection
	GlobalSection(SolutionProperties) = preSolution
		HideSolutionNode = FALSE
	EndGlobalSection
	GlobalSection(ExtensibilityGlobals) = postSolution
		SolutionGuid = {170068FA-033A-4337-B93E-219DDA45AF91}
	EndGlobalSection
EndGlobal
